
Microsoft Visual Studio Solution File, Format Version 12.00
# Visual Studio Version 17
VisualStudioVersion = 17.4.33213.308
MinimumVisualStudioVersion = 10.0.40219.1
Project("{9A19103F-16F7-4668-BE54-9A1E7A4F7556}") = "AM.UI.Console", "AM.UI.Console\AM.UI.Console.csproj", "{8685BAEC-013D-4217-83AA-6BDA1B6E354A}"
EndProject
Project("{9A19103F-16F7-4668-BE54-9A1E7A4F7556}") = "AM.ApplicationCore", "AM.ApplicationCore\AM.ApplicationCore.csproj", "{414765D3-3F2E-452A-A758-81BB9EC3A3D8}"
EndProject
Project("{FAE04EC0-301F-11D3-BF4B-00C04F79EFBC}") = "AM.Infrastructure", "AM.Infrastructure\AM.Infrastructure.csproj", "{5F9A092D-4E95-4AED-8C67-5C1CF0070DCE}"
EndProject
Global
	GlobalSection(SolutionConfigurationPlatforms) = preSolution
		Debug|Any CPU = Debug|Any CPU
		Release|Any CPU = Release|Any CPU
	EndGlobalSection
	GlobalSection(ProjectConfigurationPlatforms) = postSolution
		{8685BAEC-013D-4217-83AA-6BDA1B6E354A}.Debug|Any CPU.ActiveCfg = Debug|Any CPU
		{8685BAEC-013D-4217-83AA-6BDA1B6E354A}.Debug|Any CPU.Build.0 = Debug|Any CPU
		{8685BAEC-013D-4217-83AA-6BDA1B6E354A}.Release|Any CPU.ActiveCfg = Release|Any CPU
		{8685BAEC-013D-4217-83AA-6BDA1B6E354A}.Release|Any CPU.Build.0 = Release|Any CPU
		{414765D3-3F2E-452A-A758-81BB9EC3A3D8}.Debug|Any CPU.ActiveCfg = Debug|Any CPU
		{414765D3-3F2E-452A-A758-81BB9EC3A3D8}.Debug|Any CPU.Build.0 = Debug|Any CPU
		{414765D3-3F2E-452A-A758-81BB9EC3A3D8}.Release|Any CPU.ActiveCfg = Release|Any CPU
		{414765D3-3F2E-452A-A758-81BB9EC3A3D8}.Release|Any CPU.Build.0 = Release|Any CPU
		{5F9A092D-4E95-4AED-8C67-5C1CF0070DCE}.Debug|Any CPU.ActiveCfg = Debug|Any CPU
		{5F9A092D-4E95-4AED-8C67-5C1CF0070DCE}.Debug|Any CPU.Build.0 = Debug|Any CPU
		{5F9A092D-4E95-4AED-8C67-5C1CF0070DCE}.Release|Any CPU.ActiveCfg = Release|Any CPU
		{5F9A092D-4E95-4AED-8C67-5C1CF0070DCE}.Release|Any CPU.Build.0 = Release|Any CPU
	EndGlobalSection
	GlobalSection(SolutionProperties) = preSolution
		HideSolutionNode = FALSE
	EndGlobalSection
	GlobalSection(ExtensibilityGlobals) = postSolution
		SolutionGuid = {5FA96862-9302-4F66-B25C-827B99E69FFB}
	EndGlobalSection
EndGlobal
